// !$*UTF8*$!
{
	archiveVersion = 1;
	classes = {
	};
	objectVersion = 48;
	objects = {

/* Begin PBXBuildFile section */
		C41754302066AEC4002210D5 /* MachoModel.m in Sources */ = {isa = PBXBuildFile; fileRef = C417542C2066AEC4002210D5 /* MachoModel.m */; };
		C41754312066AEC4002210D5 /* MachoModel.h in Headers */ = {isa = PBXBuildFile; fileRef = C417542D2066AEC4002210D5 /* MachoModel.h */; settings = {ATTRIBUTES = (Public, ); }; };
		C41754322066AEC4002210D5 /* MachoHandle.h in Headers */ = {isa = PBXBuildFile; fileRef = C417542E2066AEC4002210D5 /* MachoHandle.h */; settings = {ATTRIBUTES = (Public, ); }; };
		C41754332066AEC4002210D5 /* MachoHandle.m in Sources */ = {isa = PBXBuildFile; fileRef = C417542F2066AEC4002210D5 /* MachoHandle.m */; };
		C41754422066AF09002210D5 /* MachoHandle.m in Sources */ = {isa = PBXBuildFile; fileRef = C417542F2066AEC4002210D5 /* MachoHandle.m */; };
		C41754442066AF09002210D5 /* MachoModel.m in Sources */ = {isa = PBXBuildFile; fileRef = C417542C2066AEC4002210D5 /* MachoModel.m */; };
		C41754452066AF13002210D5 /* MachoHandle.h in Headers */ = {isa = PBXBuildFile; fileRef = C417542E2066AEC4002210D5 /* MachoHandle.h */; settings = {ATTRIBUTES = (Public, ); }; };
		C41754462066AF13002210D5 /* MachoModel.h in Headers */ = {isa = PBXBuildFile; fileRef = C417542D2066AEC4002210D5 /* MachoModel.h */; settings = {ATTRIBUTES = (Public, ); }; };
		C417544E2066AF30002210D5 /* main.m in Sources */ = {isa = PBXBuildFile; fileRef = C417544D2066AF30002210D5 /* main.m */; };
		C41754552066AF7D002210D5 /* MachoHandle.framework in Frameworks */ = {isa = PBXBuildFile; fileRef = C41754392066AEFA002210D5 /* MachoHandle.framework */; };
/* End PBXBuildFile section */

/* Begin PBXContainerItemProxy section */
		C41754522066AF78002210D5 /* PBXContainerItemProxy */ = {
			isa = PBXContainerItemProxy;
			containerPortal = C41754182066AE9C002210D5 /* Project object */;
			proxyType = 1;
			remoteGlobalIDString = C41754382066AEFA002210D5;
			remoteInfo = "MachoHandle-static";
		};
/* End PBXContainerItemProxy section */

/* Begin PBXCopyFilesBuildPhase section */
		C41754492066AF30002210D5 /* CopyFiles */ = {
			isa = PBXCopyFilesBuildPhase;
			buildActionMask = 2147483647;
			dstPath = /usr/share/man/man1/;
			dstSubfolderSpec = 0;
			files = (
			);
			runOnlyForDeploymentPostprocessing = 1;
		};
/* End PBXCopyFilesBuildPhase section */

/* Begin PBXFileReference section */
		C41754212066AE9C002210D5 /* MachoHandle.framework */ = {isa = PBXFileReference; explicitFileType = wrapper.framework; includeInIndex = 0; path = MachoHandle.framework; sourceTree = BUILT_PRODUCTS_DIR; };
		C41754252066AE9C002210D5 /* Info.plist */ = {isa = PBXFileReference; lastKnownFileType = text.plist.xml; path = Info.plist; sourceTree = "<group>"; };
		C417542C2066AEC4002210D5 /* MachoModel.m */ = {isa = PBXFileReference; fileEncoding = 4; lastKnownFileType = sourcecode.c.objc; path = MachoModel.m; sourceTree = "<group>"; };
		C417542D2066AEC4002210D5 /* MachoModel.h */ = {isa = PBXFileReference; fileEncoding = 4; lastKnownFileType = sourcecode.c.h; path = MachoModel.h; sourceTree = "<group>"; };
		C417542E2066AEC4002210D5 /* MachoHandle.h */ = {isa = PBXFileReference; fileEncoding = 4; lastKnownFileType = sourcecode.c.h; path = MachoHandle.h; sourceTree = "<group>"; };
		C417542F2066AEC4002210D5 /* MachoHandle.m */ = {isa = PBXFileReference; fileEncoding = 4; lastKnownFileType = sourcecode.c.objc; path = MachoHandle.m; sourceTree = "<group>"; };
		C41754392066AEFA002210D5 /* MachoHandle.framework */ = {isa = PBXFileReference; explicitFileType = wrapper.framework; includeInIndex = 0; path = MachoHandle.framework; sourceTree = BUILT_PRODUCTS_DIR; };
		C417544B2066AF30002210D5 /* Demo */ = {isa = PBXFileReference; explicitFileType = "compiled.mach-o.executable"; includeInIndex = 0; path = Demo; sourceTree = BUILT_PRODUCTS_DIR; };
		C417544D2066AF30002210D5 /* main.m */ = {isa = PBXFileReference; lastKnownFileType = sourcecode.c.objc; path = main.m; sourceTree = "<group>"; };
/* End PBXFileReference section */

/* Begin PBXFrameworksBuildPhase section */
		C417541D2066AE9C002210D5 /* Frameworks */ = {
			isa = PBXFrameworksBuildPhase;
			buildActionMask = 2147483647;
			files = (
			);
			runOnlyForDeploymentPostprocessing = 0;
		};
		C41754352066AEFA002210D5 /* Frameworks */ = {
			isa = PBXFrameworksBuildPhase;
			buildActionMask = 2147483647;
			files = (
			);
			runOnlyForDeploymentPostprocessing = 0;
		};
		C41754482066AF30002210D5 /* Frameworks */ = {
			isa = PBXFrameworksBuildPhase;
			buildActionMask = 2147483647;
			files = (
				C41754552066AF7D002210D5 /* MachoHandle.framework in Frameworks */,
			);
			runOnlyForDeploymentPostprocessing = 0;
		};
/* End PBXFrameworksBuildPhase section */

/* Begin PBXGroup section */
		C41754172066AE9C002210D5 = {
			isa = PBXGroup;
			children = (
				C41754232066AE9C002210D5 /* Source */,
				C417544C2066AF30002210D5 /* Demo */,
				C41754222066AE9C002210D5 /* Products */,
				C41754542066AF7D002210D5 /* Frameworks */,
			);
			sourceTree = "<group>";
		};
		C41754222066AE9C002210D5 /* Products */ = {
			isa = PBXGroup;
			children = (
				C41754212066AE9C002210D5 /* MachoHandle.framework */,
				C41754392066AEFA002210D5 /* MachoHandle.framework */,
				C417544B2066AF30002210D5 /* Demo */,
			);
			name = Products;
			sourceTree = "<group>";
		};
		C41754232066AE9C002210D5 /* Source */ = {
			isa = PBXGroup;
			children = (
				C417542E2066AEC4002210D5 /* MachoHandle.h */,
				C417542F2066AEC4002210D5 /* MachoHandle.m */,
				C417542D2066AEC4002210D5 /* MachoModel.h */,
				C417542C2066AEC4002210D5 /* MachoModel.m */,
				C41754252066AE9C002210D5 /* Info.plist */,
			);
			path = Source;
			sourceTree = "<group>";
		};
		C417544C2066AF30002210D5 /* Demo */ = {
			isa = PBXGroup;
			children = (
				C417544D2066AF30002210D5 /* main.m */,
			);
			path = Demo;
			sourceTree = "<group>";
		};
		C41754542066AF7D002210D5 /* Frameworks */ = {
			isa = PBXGroup;
			children = (
			);
			name = Frameworks;
			sourceTree = "<group>";
		};
/* End PBXGroup section */

/* Begin PBXHeadersBuildPhase section */
		C417541E2066AE9C002210D5 /* Headers */ = {
			isa = PBXHeadersBuildPhase;
			buildActionMask = 2147483647;
			files = (
				C41754312066AEC4002210D5 /* MachoModel.h in Headers */,
				C41754322066AEC4002210D5 /* MachoHandle.h in Headers */,
			);
			runOnlyForDeploymentPostprocessing = 0;
		};
		C41754362066AEFA002210D5 /* Headers */ = {
			isa = PBXHeadersBuildPhase;
			buildActionMask = 2147483647;
			files = (
				C41754452066AF13002210D5 /* MachoHandle.h in Headers */,
				C41754462066AF13002210D5 /* MachoModel.h in Headers */,
			);
			runOnlyForDeploymentPostprocessing = 0;
		};
/* End PBXHeadersBuildPhase section */

/* Begin PBXNativeTarget section */
		C41754202066AE9C002210D5 /* MachoHandle-dynamic */ = {
			isa = PBXNativeTarget;
			buildConfigurationList = C41754292066AE9C002210D5 /* Build configuration list for PBXNativeTarget "MachoHandle-dynamic" */;
			buildPhases = (
				C417541C2066AE9C002210D5 /* Sources */,
				C417541D2066AE9C002210D5 /* Frameworks */,
				C417541E2066AE9C002210D5 /* Headers */,
				C417541F2066AE9C002210D5 /* Resources */,
			);
			buildRules = (
			);
			dependencies = (
			);
			name = "MachoHandle-dynamic";
			productName = MachoHandle;
			productReference = C41754212066AE9C002210D5 /* MachoHandle.framework */;
			productType = "com.apple.product-type.framework";
		};
		C41754382066AEFA002210D5 /* MachoHandle-static */ = {
			isa = PBXNativeTarget;
			buildConfigurationList = C417543E2066AEFA002210D5 /* Build configuration list for PBXNativeTarget "MachoHandle-static" */;
			buildPhases = (
				C41754342066AEFA002210D5 /* Sources */,
				C41754352066AEFA002210D5 /* Frameworks */,
				C41754362066AEFA002210D5 /* Headers */,
				C41754372066AEFA002210D5 /* Resources */,
			);
			buildRules = (
			);
			dependencies = (
			);
			name = "MachoHandle-static";
			productName = "MachoHandle-static";
			productReference = C41754392066AEFA002210D5 /* MachoHandle.framework */;
			productType = "com.apple.product-type.framework";
		};
		C417544A2066AF30002210D5 /* Demo */ = {
			isa = PBXNativeTarget;
			buildConfigurationList = C417544F2066AF30002210D5 /* Build configuration list for PBXNativeTarget "Demo" */;
			buildPhases = (
				C41754472066AF30002210D5 /* Sources */,
				C41754482066AF30002210D5 /* Frameworks */,
				C41754492066AF30002210D5 /* CopyFiles */,
			);
			buildRules = (
			);
			dependencies = (
				C41754532066AF78002210D5 /* PBXTargetDependency */,
			);
			name = Demo;
			productName = Demo;
			productReference = C417544B2066AF30002210D5 /* Demo */;
			productType = "com.apple.product-type.tool";
		};
/* End PBXNativeTarget section */

/* Begin PBXProject section */
		C41754182066AE9C002210D5 /* Project object */ = {
			isa = PBXProject;
			attributes = {
				LastUpgradeCheck = 0910;
				ORGANIZATIONNAME = com.sz.jerry;
				TargetAttributes = {
					C41754202066AE9C002210D5 = {
						CreatedOnToolsVersion = 9.1;
						ProvisioningStyle = Automatic;
					};
					C41754382066AEFA002210D5 = {
						CreatedOnToolsVersion = 9.1;
						ProvisioningStyle = Automatic;
					};
					C417544A2066AF30002210D5 = {
						CreatedOnToolsVersion = 9.1;
						ProvisioningStyle = Automatic;
					};
				};
			};
			buildConfigurationList = C417541B2066AE9C002210D5 /* Build configuration list for PBXProject "MachoHandle" */;
			compatibilityVersion = "Xcode 8.0";
			developmentRegion = en;
			hasScannedForEncodings = 0;
			knownRegions = (
				en,
			);
			mainGroup = C41754172066AE9C002210D5;
			productRefGroup = C41754222066AE9C002210D5 /* Products */;
			projectDirPath = "";
			projectRoot = "";
			targets = (
				C41754202066AE9C002210D5 /* MachoHandle-dynamic */,
				C41754382066AEFA002210D5 /* MachoHandle-static */,
				C417544A2066AF30002210D5 /* Demo */,
			);
		};
/* End PBXProject section */

/* Begin PBXResourcesBuildPhase section */
		C417541F2066AE9C002210D5 /* Resources */ = {
			isa = PBXResourcesBuildPhase;
			buildActionMask = 2147483647;
			files = (
			);
			runOnlyForDeploymentPostprocessing = 0;
		};
		C41754372066AEFA002210D5 /* Resources */ = {
			isa = PBXResourcesBuildPhase;
			buildActionMask = 2147483647;
			files = (
			);
			runOnlyForDeploymentPostprocessing = 0;
		};
/* End PBXResourcesBuildPhase section */

/* Begin PBXSourcesBuildPhase section */
		C417541C2066AE9C002210D5 /* Sources */ = {
			isa = PBXSourcesBuildPhase;
			buildActionMask = 2147483647;
			files = (
				C41754332066AEC4002210D5 /* MachoHandle.m in Sources */,
				C41754302066AEC4002210D5 /* MachoModel.m in Sources */,
			);
			runOnlyForDeploymentPostprocessing = 0;
		};
		C41754342066AEFA002210D5 /* Sources */ = {
			isa = PBXSourcesBuildPhase;
			buildActionMask = 2147483647;
			files = (
				C41754422066AF09002210D5 /* MachoHandle.m in Sources */,
				C41754442066AF09002210D5 /* MachoModel.m in Sources */,
			);
			runOnlyForDeploymentPostprocessing = 0;
		};
		C41754472066AF30002210D5 /* Sources */ = {
			isa = PBXSourcesBuildPhase;
			buildActionMask = 2147483647;
			files = (
				C417544E2066AF30002210D5 /* main.m in Sources */,
			);
			runOnlyForDeploymentPostprocessing = 0;
		};
/* End PBXSourcesBuildPhase section */

/* Begin PBXTargetDependency section */
		C41754532066AF78002210D5 /* PBXTargetDependency */ = {
			isa = PBXTargetDependency;
			target = C41754382066AEFA002210D5 /* MachoHandle-static */;
			targetProxy = C41754522066AF78002210D5 /* PBXContainerItemProxy */;
		};
/* End PBXTargetDependency section */

/* Begin XCBuildConfiguration section */
		C41754272066AE9C002210D5 /* Debug */ = {
			isa = XCBuildConfiguration;
			buildSettings = {
				ALWAYS_SEARCH_USER_PATHS = NO;
				CLANG_ANALYZER_NONNULL = YES;
				CLANG_ANALYZER_NUMBER_OBJECT_CONVERSION = YES_AGGRESSIVE;
				CLANG_CXX_LANGUAGE_STANDARD = "gnu++14";
				CLANG_CXX_LIBRARY = "libc++";
				CLANG_ENABLE_MODULES = YES;
				CLANG_ENABLE_OBJC_ARC = YES;
				CLANG_WARN_BLOCK_CAPTURE_AUTORELEASING = YES;
				CLANG_WARN_BOOL_CONVERSION = YES;
				CLANG_WARN_COMMA = YES;
				CLANG_WARN_CONSTANT_CONVERSION = YES;
				CLANG_WARN_DIRECT_OBJC_ISA_USAGE = YES_ERROR;
				CLANG_WARN_DOCUMENTATION_COMMENTS = YES;
				CLANG_WARN_EMPTY_BODY = YES;
				CLANG_WARN_ENUM_CONVERSION = YES;
				CLANG_WARN_INFINITE_RECURSION = YES;
				CLANG_WARN_INT_CONVERSION = YES;
				CLANG_WARN_NON_LITERAL_NULL_CONVERSION = YES;
				CLANG_WARN_OBJC_LITERAL_CONVERSION = YES;
				CLANG_WARN_OBJC_ROOT_CLASS = YES_ERROR;
				CLANG_WARN_RANGE_LOOP_ANALYSIS = YES;
				CLANG_WARN_STRICT_PROTOTYPES = YES;
				CLANG_WARN_SUSPICIOUS_MOVE = YES;
				CLANG_WARN_UNGUARDED_AVAILABILITY = YES_AGGRESSIVE;
				CLANG_WARN_UNREACHABLE_CODE = YES;
				CLANG_WARN__DUPLICATE_METHOD_MATCH = YES;
				CODE_SIGN_IDENTITY = "-";
				COPY_PHASE_STRIP = NO;
				CURRENT_PROJECT_VERSION = 1;
				DEBUG_INFORMATION_FORMAT = dwarf;
				ENABLE_STRICT_OBJC_MSGSEND = YES;
				ENABLE_TESTABILITY = YES;
				GCC_C_LANGUAGE_STANDARD = gnu11;
				GCC_DYNAMIC_NO_PIC = NO;
				GCC_NO_COMMON_BLOCKS = YES;
				GCC_OPTIMIZATION_LEVEL = 0;
				GCC_PREPROCESSOR_DEFINITIONS = (
					"DEBUG=1",
					"$(inherited)",
				);
				GCC_WARN_64_TO_32_BIT_CONVERSION = YES;
				GCC_WARN_ABOUT_RETURN_TYPE = YES_ERROR;
				GCC_WARN_UNDECLARED_SELECTOR = YES;
				GCC_WARN_UNINITIALIZED_AUTOS = YES_AGGRESSIVE;
				GCC_WARN_UNUSED_FUNCTION = YES;
				GCC_WARN_UNUSED_VARIABLE = YES;
				MACOSX_DEPLOYMENT_TARGET = 10.13;
				MTL_ENABLE_DEBUG_INFO = YES;
				ONLY_ACTIVE_ARCH = YES;
				SDKROOT = macosx;
				VERSIONING_SYSTEM = "apple-generic";
				VERSION_INFO_PREFIX = "";
			};
			name = Debug;
		};
		C41754282066AE9C002210D5 /* Release */ = {
			isa = XCBuildConfiguration;
			buildSettings = {
				ALWAYS_SEARCH_USER_PATHS = NO;
				CLANG_ANALYZER_NONNULL = YES;
				CLANG_ANALYZER_NUMBER_OBJECT_CONVERSION = YES_AGGRESSIVE;
				CLANG_CXX_LANGUAGE_STANDARD = "gnu++14";
				CLANG_CXX_LIBRARY = "libc++";
				CLANG_ENABLE_MODULES = YES;
				CLANG_ENABLE_OBJC_ARC = YES;
				CLANG_WARN_BLOCK_CAPTURE_AUTORELEASING = YES;
				CLANG_WARN_BOOL_CONVERSION = YES;
				CLANG_WARN_COMMA = YES;
				CLANG_WARN_CONSTANT_CONVERSION = YES;
				CLANG_WARN_DIRECT_OBJC_ISA_USAGE = YES_ERROR;
				CLANG_WARN_DOCUMENTATION_COMMENTS = YES;
				CLANG_WARN_EMPTY_BODY = YES;
				CLANG_WARN_ENUM_CONVERSION = YES;
				CLANG_WARN_INFINITE_RECURSION = YES;
				CLANG_WARN_INT_CONVERSION = YES;
				CLANG_WARN_NON_LITERAL_NULL_CONVERSION = YES;
				CLANG_WARN_OBJC_LITERAL_CONVERSION = YES;
				CLANG_WARN_OBJC_ROOT_CLASS = YES_ERROR;
				CLANG_WARN_RANGE_LOOP_ANALYSIS = YES;
				CLANG_WARN_STRICT_PROTOTYPES = YES;
				CLANG_WARN_SUSPICIOUS_MOVE = YES;
				CLANG_WARN_UNGUARDED_AVAILABILITY = YES_AGGRESSIVE;
				CLANG_WARN_UNREACHABLE_CODE = YES;
				CLANG_WARN__DUPLICATE_METHOD_MATCH = YES;
				CODE_SIGN_IDENTITY = "-";
				COPY_PHASE_STRIP = NO;
				CURRENT_PROJECT_VERSION = 1;
				DEBUG_INFORMATION_FORMAT = "dwarf-with-dsym";
				ENABLE_NS_ASSERTIONS = NO;
				ENABLE_STRICT_OBJC_MSGSEND = YES;
				GCC_C_LANGUAGE_STANDARD = gnu11;
				GCC_NO_COMMON_BLOCKS = YES;
				GCC_WARN_64_TO_32_BIT_CONVERSION = YES;
				GCC_WARN_ABOUT_RETURN_TYPE = YES_ERROR;
				GCC_WARN_UNDECLARED_SELECTOR = YES;
				GCC_WARN_UNINITIALIZED_AUTOS = YES_AGGRESSIVE;
				GCC_WARN_UNUSED_FUNCTION = YES;
				GCC_WARN_UNUSED_VARIABLE = YES;
				MACOSX_DEPLOYMENT_TARGET = 10.13;
				MTL_ENABLE_DEBUG_INFO = NO;
				SDKROOT = macosx;
				VERSIONING_SYSTEM = "apple-generic";
				VERSION_INFO_PREFIX = "";
			};
			name = Release;
		};
		C417542A2066AE9C002210D5 /* Debug */ = {
			isa = XCBuildConfiguration;
			buildSettings = {
				CODE_SIGN_IDENTITY = "";
				CODE_SIGN_STYLE = Automatic;
				COMBINE_HIDPI_IMAGES = YES;
				DEFINES_MODULE = YES;
				DYLIB_COMPATIBILITY_VERSION = 1;
				DYLIB_CURRENT_VERSION = 1;
				DYLIB_INSTALL_NAME_BASE = "@rpath";
				FRAMEWORK_VERSION = A;
				INFOPLIST_FILE = Source/Info.plist;
				INSTALL_PATH = "$(LOCAL_LIBRARY_DIR)/Frameworks";
				LD_RUNPATH_SEARCH_PATHS = "$(inherited) @executable_path/../Frameworks @loader_path/Frameworks";
				MACOSX_DEPLOYMENT_TARGET = 10.8;
				PRODUCT_BUNDLE_IDENTIFIER = com.sz.jerry.MachoHandle;
				PRODUCT_MODULE_NAME = MachoHandle;
				PRODUCT_NAME = MachoHandle;
				SKIP_INSTALL = YES;
			};
			name = Debug;
		};
		C417542B2066AE9C002210D5 /* Release */ = {
			isa = XCBuildConfiguration;
			buildSettings = {
				CODE_SIGN_IDENTITY = "";
				CODE_SIGN_STYLE = Automatic;
				COMBINE_HIDPI_IMAGES = YES;
				DEFINES_MODULE = YES;
				DYLIB_COMPATIBILITY_VERSION = 1;
				DYLIB_CURRENT_VERSION = 1;
				DYLIB_INSTALL_NAME_BASE = "@rpath";
				FRAMEWORK_VERSION = A;
				INFOPLIST_FILE = Source/Info.plist;
				INSTALL_PATH = "$(LOCAL_LIBRARY_DIR)/Frameworks";
				LD_RUNPATH_SEARCH_PATHS = "$(inherited) @executable_path/../Frameworks @loader_path/Frameworks";
				MACOSX_DEPLOYMENT_TARGET = 10.8;
				PRODUCT_BUNDLE_IDENTIFIER = com.sz.jerry.MachoHandle;
				PRODUCT_MODULE_NAME = MachoHandle;
				PRODUCT_NAME = MachoHandle;
				SKIP_INSTALL = YES;
			};
			name = Release;
		};
		C417543F2066AEFA002210D5 /* Debug */ = {
			isa = XCBuildConfiguration;
			buildSettings = {
				CODE_SIGN_IDENTITY = "";
				CODE_SIGN_STYLE = Automatic;
				COMBINE_HIDPI_IMAGES = YES;
				DEFINES_MODULE = YES;
				DYLIB_COMPATIBILITY_VERSION = 1;
				DYLIB_CURRENT_VERSION = 1;
				DYLIB_INSTALL_NAME_BASE = "@rpath";
				FRAMEWORK_VERSION = A;
				INFOPLIST_FILE = Source/Info.plist;
				INSTALL_PATH = "$(LOCAL_LIBRARY_DIR)/Frameworks";
				LD_RUNPATH_SEARCH_PATHS = "$(inherited) @executable_path/../Frameworks @loader_path/Frameworks";
				MACH_O_TYPE = staticlib;
				MACOSX_DEPLOYMENT_TARGET = 10.8;
				PRODUCT_BUNDLE_IDENTIFIER = "com.sz.jerry.MachoHandle-static";
				PRODUCT_MODULE_NAME = MachoHandle;
				PRODUCT_NAME = MachoHandle;
				SKIP_INSTALL = YES;
			};
			name = Debug;
		};
		C41754402066AEFA002210D5 /* Release */ = {
			isa = XCBuildConfiguration;
			buildSettings = {
				CODE_SIGN_IDENTITY = "";
				CODE_SIGN_STYLE = Automatic;
				COMBINE_HIDPI_IMAGES = YES;
				DEFINES_MODULE = YES;
				DYLIB_COMPATIBILITY_VERSION = 1;
				DYLIB_CURRENT_VERSION = 1;
				DYLIB_INSTALL_NAME_BASE = "@rpath";
				FRAMEWORK_VERSION = A;
				INFOPLIST_FILE = Source/Info.plist;
				INSTALL_PATH = "$(LOCAL_LIBRARY_DIR)/Frameworks";
				LD_RUNPATH_SEARCH_PATHS = "$(inherited) @executable_path/../Frameworks @loader_path/Frameworks";
				MACH_O_TYPE = staticlib;
				MACOSX_DEPLOYMENT_TARGET = 10.8;
				PRODUCT_BUNDLE_IDENTIFIER = "com.sz.jerry.MachoHandle-static";
				PRODUCT_MODULE_NAME = MachoHandle;
				PRODUCT_NAME = MachoHandle;
				SKIP_INSTALL = YES;
			};
			name = Release;
		};
		C41754502066AF30002210D5 /* Debug */ = {
			isa = XCBuildConfiguration;
			buildSettings = {
				CODE_SIGN_STYLE = Automatic;
				PRODUCT_NAME = "$(TARGET_NAME)";
			};
			name = Debug;
		};
		C41754512066AF30002210D5 /* Release */ = {
			isa = XCBuildConfiguration;
			buildSettings = {
				CODE_SIGN_STYLE = Automatic;
				PRODUCT_NAME = "$(TARGET_NAME)";
			};
			name = Release;
		};
/* End XCBuildConfiguration section */

/* Begin XCConfigurationList section */
		C417541B2066AE9C002210D5 /* Build configuration list for PBXProject "MachoHandle" */ = {
			isa = XCConfigurationList;
			buildConfigurations = (
				C41754272066AE9C002210D5 /* Debug */,
				C41754282066AE9C002210D5 /* Release */,
			);
			defaultConfigurationIsVisible = 0;
			defaultConfigurationName = Release;
		};
		C41754292066AE9C002210D5 /* Build configuration list for PBXNativeTarget "MachoHandle-dynamic" */ = {
			isa = XCConfigurationList;
			buildConfigurations = (
				C417542A2066AE9C002210D5 /* Debug */,
				C417542B2066AE9C002210D5 /* Release */,
			);
			defaultConfigurationIsVisible = 0;
			defaultConfigurationName = Release;
		};
		C417543E2066AEFA002210D5 /* Build configuration list for PBXNativeTarget "MachoHandle-static" */ = {
			isa = XCConfigurationList;
			buildConfigurations = (
				C417543F2066AEFA002210D5 /* Debug */,
				C41754402066AEFA002210D5 /* Release */,
			);
			defaultConfigurationIsVisible = 0;
			defaultConfigurationName = Release;
		};
		C417544F2066AF30002210D5 /* Build configuration list for PBXNativeTarget "Demo" */ = {
			isa = XCConfigurationList;
			buildConfigurations = (
				C41754502066AF30002210D5 /* Debug */,
				C41754512066AF30002210D5 /* Release */,
			);
			defaultConfigurationIsVisible = 0;
			defaultConfigurationName = Release;
		};
/* End XCConfigurationList section */
	};
	rootObject = C41754182066AE9C002210D5 /* Project object */;
}
